
Microsoft Visual Studio Solution File, Format Version 12.00
Project("{FAE04EC0-301F-11D3-BF4B-00C04F79EFBC}") = "Bitmap2Hex", "Bitmap2Hex\Bitmap2Hex.csproj", "{26EF5FC1-8446-466F-856D-23DED4F8CBE3}"
EndProject
Global
	GlobalSection(SolutionConfigurationPlatforms) = preSolution
		Debug|Any CPU = Debug|Any CPU
		Release|Any CPU = Release|Any CPU
	EndGlobalSection
	GlobalSection(ProjectConfigurationPlatforms) = postSolution
		{26EF5FC1-8446-466F-856D-23DED4F8CBE3}.Debug|Any CPU.ActiveCfg = Debug|Any CPU
		{26EF5FC1-8446-466F-856D-23DED4F8CBE3}.Debug|Any CPU.Build.0 = Debug|Any CPU
		{26EF5FC1-8446-466F-856D-23DED4F8CBE3}.Release|Any CPU.ActiveCfg = Release|Any CPU
		{26EF5FC1-8446-466F-856D-23DED4F8CBE3}.Release|Any CPU.Build.0 = Release|Any CPU
	EndGlobalSection
EndGlobal
